<?xml version="1.0" encoding="utf-8"?>
<Project ToolsVersion="4.0" xmlns="http://schemas.microsoft.com/developer/msbuild/2003">
  <ItemGroup>
    <Filter Include="Source Files">
      <UniqueIdentifier>{4FC737F1-C7A5-4376-A066-2A32D752A2FF}</UniqueIdentifier>
      <Extensions>cpp;c;cc;cxx;c++;cppm;ixx;def;odl;idl;hpj;bat;asm;asmx</Extensions>
    </Filter>
    <Filter Include="Header Files">
      <UniqueIdentifier>{93995380-89BD-4b04-88EB-625FBE52EBFB}</UniqueIdentifier>
      <Extensions>h;hh;hpp;hxx;h++;hm;inl;inc;ipp;xsd</Extensions>
    </Filter>
    <Filter Include="Resource Files">
      <UniqueIdentifier>{67DA6AB6-F800-4c08-8B7A-83BB121AAD01}</UniqueIdentifier>
      <Extensions>rc;ico;cur;bmp;dlg;rc2;rct;bin;rgs;gif;jpg;jpeg;jpe;resx;tiff;tif;png;wav;mfcribbon-ms</Extensions>
    </Filter>
    <Filter Include="Spout SDK">
      <UniqueIdentifier>{8E3A1C42-6D4F-4A1B-9E2C-3F5A7B9D1E3F5}</UniqueIdentifier>
    </Filter>
  </ItemGroup>
  <ItemGroup>
    <None Include="packages.config" />
    <None Include="scene.json" />
  </ItemGroup>
  <ItemGroup>
    <ClCompile Include="main.cpp">
      <Filter>Source Files</Filter>
    </ClCompile>
    <ClCompile Include="App.cpp">
      <Filter>Source Files</Filter>
    </ClCompile>
    <ClCompile Include="Canvas.cpp">
      <Filter>Source Files</Filter>
    </ClCompile>
    <ClCompile Include="GraphicsRig.cpp">
      <Filter>Source Files</Filter>
    </ClCompile>
    <ClCompile Include="Preview.cpp">
      <Filter>Source Files</Filter>
    </ClCompile>
    <ClCompile Include="Properties.cpp">
      <Filter>Source Files</Filter>
    </ClCompile>
    <ClCompile Include="Scene.cpp">
      <Filter>Source Files</Filter>
    </ClCompile>
    <ClCompile Include="SourceList.cpp">
      <Filter>Source Files</Filter>
    </ClCompile>
    <ClCompile Include="Ui.cpp">
      <Filter>Source Files</Filter>
    </ClCompile>
    <ClCompile Include="WebSource.cpp">
      <Filter>Source Files</Filter>
    </ClCompile>
    <ClCompile Include="third_party\spout\SpoutCopy.cpp">
      <Filter>Spout SDK</Filter>
    </ClCompile>
    <ClCompile Include="third_party\spout\SpoutDirectX.cpp">
      <Filter>Spout SDK</Filter>
    </ClCompile>
    <ClCompile Include="third_party\spout\SpoutDX.cpp">
      <Filter>Spout SDK</Filter>
    </ClCompile>
    <ClCompile Include="third_party\spout\SpoutFrameCount.cpp">
      <Filter>Spout SDK</Filter>
    </ClCompile>
    <ClCompile Include="third_party\spout\SpoutSenderNames.cpp">
      <Filter>Spout SDK</Filter>
    </ClCompile>
    <ClCompile Include="third_party\spout\SpoutSharedMemory.cpp">
      <Filter>Spout SDK</Filter>
    </ClCompile>
    <ClCompile Include="third_party\spout\SpoutUtils.cpp">
      <Filter>Spout SDK</Filter>
    </ClCompile>
    <ClCompile Include="AudioMixer.cpp">
      <Filter>Source Files</Filter>
    </ClCompile>
    <ClCompile Include="CefBridge.cpp">
      <Filter>Source Files</Filter>
    </ClCompile>
  </ItemGroup>
  <ItemGroup>
    <ClInclude Include="App.h">
      <Filter>Header Files</Filter>
    </ClInclude>
    <ClInclude Include="Canvas.h">
      <Filter>Header Files</Filter>
    </ClInclude>
    <ClInclude Include="GraphicsRig.h">
      <Filter>Header Files</Filter>
    </ClInclude>
    <ClInclude Include="Preview.h">
      <Filter>Header Files</Filter>
    </ClInclude>
    <ClInclude Include="Properties.h">
      <Filter>Header Files</Filter>
    </ClInclude>
    <ClInclude Include="resource.h">
      <Filter>Header Files</Filter>
    </ClInclude>
    <ClInclude Include="Scene.h">
      <Filter>Header Files</Filter>
    </ClInclude>
    <ClInclude Include="Shaders.h">
      <Filter>Header Files</Filter>
    </ClInclude>
    <ClInclude Include="SourceList.h">
      <Filter>Header Files</Filter>
    </ClInclude>
    <ClInclude Include="Ui.h">
      <Filter>Header Files</Filter>
    </ClInclude>
    <ClInclude Include="Version.h">
      <Filter>Header Files</Filter>
    </ClInclude>
    <ClInclude Include="WebSource.h">
      <Filter>Header Files</Filter>
    </ClInclude>
    <ClInclude Include="AudioMixer.h">
      <Filter>Header Files</Filter>
    </ClInclude>
    <ClInclude Include="CefBridge.h">
      <Filter>Header Files</Filter>
    </ClInclude>
  </ItemGroup>
  <ItemGroup>
    <ResourceCompile Include="WebStage.rc">
      <Filter>Resource Files</Filter>
    </ResourceCompile>
  </ItemGroup>
  <ItemGroup>
    <Natvis Include="$(MSBuildThisFileDirectory)..\..\natvis\wil.natvis" />
    <Natvis Include="$(MSBuildThisFileDirectory)..\..\natvis\wil.natstepfilter" />
  </ItemGroup>
</Project>
